
Microsoft Visual Studio Solution File, Format Version 12.00
# Visual Studio Version 17
VisualStudioVersion = 17.3.32825.248
MinimumVisualStudioVersion = 10.0.40219.1
Project("{FAE04EC0-301F-11D3-BF4B-00C04F79EFBC}") = "пианинка", "пианинка\пианинка.csproj", "{12379F78-9282-4221-BA56-59F51605F778}"
EndProject
Global
	GlobalSection(SolutionConfigurationPlatforms) = preSolution
		Debug|Any CPU = Debug|Any CPU
		Release|Any CPU = Release|Any CPU
	EndGlobalSection
	GlobalSection(ProjectConfigurationPlatforms) = postSolution
		{12379F78-9282-4221-BA56-59F51605F778}.Debug|Any CPU.ActiveCfg = Debug|Any CPU
		{12379F78-9282-4221-BA56-59F51605F778}.Debug|Any CPU.Build.0 = Debug|Any CPU
		{12379F78-9282-4221-BA56-59F51605F778}.Release|Any CPU.ActiveCfg = Release|Any CPU
		{12379F78-9282-4221-BA56-59F51605F778}.Release|Any CPU.Build.0 = Release|Any CPU
	EndGlobalSection
	GlobalSection(SolutionProperties) = preSolution
		HideSolutionNode = FALSE
	EndGlobalSection
	GlobalSection(ExtensibilityGlobals) = postSolution
		SolutionGuid = {725D613F-977F-4AB4-A37B-AB529C75BF5F}
	EndGlobalSection
EndGlobal
