
Microsoft Visual Studio Solution File, Format Version 12.00
# Visual Studio Version 17
VisualStudioVersion = 17.3.32825.248
MinimumVisualStudioVersion = 10.0.40219.1
Project("{9A19103F-16F7-4668-BE54-9A1E7A4F7556}") = "прктчск2", "прктчск2\прктчск2.csproj", "{91B7B6D0-4DC6-4235-8E6C-DFBA49421B6E}"
EndProject
Global
	GlobalSection(SolutionConfigurationPlatforms) = preSolution
		Debug|Any CPU = Debug|Any CPU
		Release|Any CPU = Release|Any CPU
	EndGlobalSection
	GlobalSection(ProjectConfigurationPlatforms) = postSolution
		{91B7B6D0-4DC6-4235-8E6C-DFBA49421B6E}.Debug|Any CPU.ActiveCfg = Debug|Any CPU
		{91B7B6D0-4DC6-4235-8E6C-DFBA49421B6E}.Debug|Any CPU.Build.0 = Debug|Any CPU
		{91B7B6D0-4DC6-4235-8E6C-DFBA49421B6E}.Release|Any CPU.ActiveCfg = Release|Any CPU
		{91B7B6D0-4DC6-4235-8E6C-DFBA49421B6E}.Release|Any CPU.Build.0 = Release|Any CPU
	EndGlobalSection
	GlobalSection(SolutionProperties) = preSolution
		HideSolutionNode = FALSE
	EndGlobalSection
	GlobalSection(ExtensibilityGlobals) = postSolution
		SolutionGuid = {4D17ED6E-8922-4FD9-AD9F-3E14DCE733AB}
	EndGlobalSection
EndGlobal
